// !$*UTF8*$!
{
	archiveVersion = 1;
	classes = {
	};
	objectVersion = 46;
	objects = {

/* Begin PBXBuildFile section */
		C4E84FBF1BAAF5D700BD95A6 /* AppDelegate.swift in Sources */ = {isa = PBXBuildFile; fileRef = C4E84FBE1BAAF5D700BD95A6 /* AppDelegate.swift */; };
		C4E84FC11BAAF5D700BD95A6 /* ViewController.swift in Sources */ = {isa = PBXBuildFile; fileRef = C4E84FC01BAAF5D700BD95A6 /* ViewController.swift */; };
		C4E84FC41BAAF5D700BD95A6 /* Main.storyboard in Resources */ = {isa = PBXBuildFile; fileRef = C4E84FC21BAAF5D700BD95A6 /* Main.storyboard */; };
		C4E84FC61BAAF5D700BD95A6 /* Assets.xcassets in Resources */ = {isa = PBXBuildFile; fileRef = C4E84FC51BAAF5D700BD95A6 /* Assets.xcassets */; };
		C4E84FC91BAAF5D700BD95A6 /* LaunchScreen.storyboard in Resources */ = {isa = PBXBuildFile; fileRef = C4E84FC71BAAF5D700BD95A6 /* LaunchScreen.storyboard */; };
		C4E84FD41BAAF5D700BD95A6 /* DynamicViewsTests.swift in Sources */ = {isa = PBXBuildFile; fileRef = C4E84FD31BAAF5D700BD95A6 /* DynamicViewsTests.swift */; };
		C4E84FDF1BAAF5D700BD95A6 /* DynamicViewsUITests.swift in Sources */ = {isa = PBXBuildFile; fileRef = C4E84FDE1BAAF5D700BD95A6 /* DynamicViewsUITests.swift */; };
/* End PBXBuildFile section */

/* Begin PBXContainerItemProxy section */
		C4E84FD01BAAF5D700BD95A6 /* PBXContainerItemProxy */ = {
			isa = PBXContainerItemProxy;
			containerPortal = C4E84FB31BAAF5D600BD95A6 /* Project object */;
			proxyType = 1;
			remoteGlobalIDString = C4E84FBA1BAAF5D700BD95A6;
			remoteInfo = DynamicViews;
		};
		C4E84FDB1BAAF5D700BD95A6 /* PBXContainerItemProxy */ = {
			isa = PBXContainerItemProxy;
			containerPortal = C4E84FB31BAAF5D600BD95A6 /* Project object */;
			proxyType = 1;
			remoteGlobalIDString = C4E84FBA1BAAF5D700BD95A6;
			remoteInfo = DynamicViews;
		};
/* End PBXContainerItemProxy section */

/* Begin PBXFileReference section */
		C4E84FBB1BAAF5D700BD95A6 /* DynamicViews.app */ = {isa = PBXFileReference; explicitFileType = wrapper.application; includeInIndex = 0; path = DynamicViews.app; sourceTree = BUILT_PRODUCTS_DIR; };
		C4E84FBE1BAAF5D700BD95A6 /* AppDelegate.swift */ = {isa = PBXFileReference; lastKnownFileType = sourcecode.swift; path = AppDelegate.swift; sourceTree = "<group>"; };
		C4E84FC01BAAF5D700BD95A6 /* ViewController.swift */ = {isa = PBXFileReference; lastKnownFileType = sourcecode.swift; path = ViewController.swift; sourceTree = "<group>"; };
		C4E84FC31BAAF5D700BD95A6 /* Base */ = {isa = PBXFileReference; lastKnownFileType = file.storyboard; name = Base; path = Base.lproj/Main.storyboard; sourceTree = "<group>"; };
		C4E84FC51BAAF5D700BD95A6 /* Assets.xcassets */ = {isa = PBXFileReference; lastKnownFileType = folder.assetcatalog; path = Assets.xcassets; sourceTree = "<group>"; };
		C4E84FC81BAAF5D700BD95A6 /* Base */ = {isa = PBXFileReference; lastKnownFileType = file.storyboard; name = Base; path = Base.lproj/LaunchScreen.storyboard; sourceTree = "<group>"; };
		C4E84FCA1BAAF5D700BD95A6 /* Info.plist */ = {isa = PBXFileReference; lastKnownFileType = text.plist.xml; path = Info.plist; sourceTree = "<group>"; };
		C4E84FCF1BAAF5D700BD95A6 /* DynamicViewsTests.xctest */ = {isa = PBXFileReference; explicitFileType = wrapper.cfbundle; includeInIndex = 0; path = DynamicViewsTests.xctest; sourceTree = BUILT_PRODUCTS_DIR; };
		C4E84FD31BAAF5D700BD95A6 /* DynamicViewsTests.swift */ = {isa = PBXFileReference; lastKnownFileType = sourcecode.swift; path = DynamicViewsTests.swift; sourceTree = "<group>"; };
		C4E84FD51BAAF5D700BD95A6 /* Info.plist */ = {isa = PBXFileReference; lastKnownFileType = text.plist.xml; path = Info.plist; sourceTree = "<group>"; };
		C4E84FDA1BAAF5D700BD95A6 /* DynamicViewsUITests.xctest */ = {isa = PBXFileReference; explicitFileType = wrapper.cfbundle; includeInIndex = 0; path = DynamicViewsUITests.xctest; sourceTree = BUILT_PRODUCTS_DIR; };
		C4E84FDE1BAAF5D700BD95A6 /* DynamicViewsUITests.swift */ = {isa = PBXFileReference; lastKnownFileType = sourcecode.swift; path = DynamicViewsUITests.swift; sourceTree = "<group>"; };
		C4E84FE01BAAF5D700BD95A6 /* Info.plist */ = {isa = PBXFileReference; lastKnownFileType = text.plist.xml; path = Info.plist; sourceTree = "<group>"; };
/* End PBXFileReference section */

/* Begin PBXFrameworksBuildPhase section */
		C4E84FB81BAAF5D700BD95A6 /* Frameworks */ = {
			isa = PBXFrameworksBuildPhase;
			buildActionMask = 2147483647;
			files = (
			);
			runOnlyForDeploymentPostprocessing = 0;
		};
		C4E84FCC1BAAF5D700BD95A6 /* Frameworks */ = {
			isa = PBXFrameworksBuildPhase;
			buildActionMask = 2147483647;
			files = (
			);
			runOnlyForDeploymentPostprocessing = 0;
		};
		C4E84FD71BAAF5D700BD95A6 /* Frameworks */ = {
			isa = PBXFrameworksBuildPhase;
			buildActionMask = 2147483647;
			files = (
			);
			runOnlyForDeploymentPostprocessing = 0;
		};
/* End PBXFrameworksBuildPhase section */

/* Begin PBXGroup section */
		C4E84FB21BAAF5D600BD95A6 = {
			isa = PBXGroup;
			children = (
				C4E84FBD1BAAF5D700BD95A6 /* DynamicViews */,
				C4E84FD21BAAF5D700BD95A6 /* DynamicViewsTests */,
				C4E84FDD1BAAF5D700BD95A6 /* DynamicViewsUITests */,
				C4E84FBC1BAAF5D700BD95A6 /* Products */,
			);
			sourceTree = "<group>";
		};
		C4E84FBC1BAAF5D700BD95A6 /* Products */ = {
			isa = PBXGroup;
			children = (
				C4E84FBB1BAAF5D700BD95A6 /* DynamicViews.app */,
				C4E84FCF1BAAF5D700BD95A6 /* DynamicViewsTests.xctest */,
				C4E84FDA1BAAF5D700BD95A6 /* DynamicViewsUITests.xctest */,
			);
			name = Products;
			sourceTree = "<group>";
		};
		C4E84FBD1BAAF5D700BD95A6 /* DynamicViews */ = {
			isa = PBXGroup;
			children = (
				C4E84FBE1BAAF5D700BD95A6 /* AppDelegate.swift */,
				C4E84FC01BAAF5D700BD95A6 /* ViewController.swift */,
				C4E84FC21BAAF5D700BD95A6 /* Main.storyboard */,
				C4E84FC51BAAF5D700BD95A6 /* Assets.xcassets */,
				C4E84FC71BAAF5D700BD95A6 /* LaunchScreen.storyboard */,
				C4E84FCA1BAAF5D700BD95A6 /* Info.plist */,
			);
			path = DynamicViews;
			sourceTree = "<group>";
		};
		C4E84FD21BAAF5D700BD95A6 /* DynamicViewsTests */ = {
			isa = PBXGroup;
			children = (
				C4E84FD31BAAF5D700BD95A6 /* DynamicViewsTests.swift */,
				C4E84FD51BAAF5D700BD95A6 /* Info.plist */,
			);
			path = DynamicViewsTests;
			sourceTree = "<group>";
		};
		C4E84FDD1BAAF5D700BD95A6 /* DynamicViewsUITests */ = {
			isa = PBXGroup;
			children = (
				C4E84FDE1BAAF5D700BD95A6 /* DynamicViewsUITests.swift */,
				C4E84FE01BAAF5D700BD95A6 /* Info.plist */,
			);
			path = DynamicViewsUITests;
			sourceTree = "<group>";
		};
/* End PBXGroup section */

/* Begin PBXNativeTarget section */
		C4E84FBA1BAAF5D700BD95A6 /* DynamicViews */ = {
			isa = PBXNativeTarget;
			buildConfigurationList = C4E84FE31BAAF5D700BD95A6 /* Build configuration list for PBXNativeTarget "DynamicViews" */;
			buildPhases = (
				C4E84FB71BAAF5D700BD95A6 /* Sources */,
				C4E84FB81BAAF5D700BD95A6 /* Frameworks */,
				C4E84FB91BAAF5D700BD95A6 /* Resources */,
			);
			buildRules = (
			);
			dependencies = (
			);
			name = DynamicViews;
			productName = DynamicViews;
			productReference = C4E84FBB1BAAF5D700BD95A6 /* DynamicViews.app */;
			productType = "com.apple.product-type.application";
		};
		C4E84FCE1BAAF5D700BD95A6 /* DynamicViewsTests */ = {
			isa = PBXNativeTarget;
			buildConfigurationList = C4E84FE61BAAF5D700BD95A6 /* Build configuration list for PBXNativeTarget "DynamicViewsTests" */;
			buildPhases = (
				C4E84FCB1BAAF5D700BD95A6 /* Sources */,
				C4E84FCC1BAAF5D700BD95A6 /* Frameworks */,
				C4E84FCD1BAAF5D700BD95A6 /* Resources */,
			);
			buildRules = (
			);
			dependencies = (
				C4E84FD11BAAF5D700BD95A6 /* PBXTargetDependency */,
			);
			name = DynamicViewsTests;
			productName = DynamicViewsTests;
			productReference = C4E84FCF1BAAF5D700BD95A6 /* DynamicViewsTests.xctest */;
			productType = "com.apple.product-type.bundle.unit-test";
		};
		C4E84FD91BAAF5D700BD95A6 /* DynamicViewsUITests */ = {
			isa = PBXNativeTarget;
			buildConfigurationList = C4E84FE91BAAF5D700BD95A6 /* Build configuration list for PBXNativeTarget "DynamicViewsUITests" */;
			buildPhases = (
				C4E84FD61BAAF5D700BD95A6 /* Sources */,
				C4E84FD71BAAF5D700BD95A6 /* Frameworks */,
				C4E84FD81BAAF5D700BD95A6 /* Resources */,
			);
			buildRules = (
			);
			dependencies = (
				C4E84FDC1BAAF5D700BD95A6 /* PBXTargetDependency */,
			);
			name = DynamicViewsUITests;
			productName = DynamicViewsUITests;
			productReference = C4E84FDA1BAAF5D700BD95A6 /* DynamicViewsUITests.xctest */;
			productType = "com.apple.product-type.bundle.ui-testing";
		};
/* End PBXNativeTarget section */

/* Begin PBXProject section */
		C4E84FB31BAAF5D600BD95A6 /* Project object */ = {
			isa = PBXProject;
			attributes = {
				LastUpgradeCheck = 0700;
				ORGANIZATIONNAME = "Medigarage Studios LTD";
				TargetAttributes = {
					C4E84FBA1BAAF5D700BD95A6 = {
						CreatedOnToolsVersion = 7.0;
						LastSwiftMigration = 0820;
					};
					C4E84FCE1BAAF5D700BD95A6 = {
						CreatedOnToolsVersion = 7.0;
						LastSwiftMigration = 0820;
						TestTargetID = C4E84FBA1BAAF5D700BD95A6;
					};
					C4E84FD91BAAF5D700BD95A6 = {
						CreatedOnToolsVersion = 7.0;
						LastSwiftMigration = 0820;
						TestTargetID = C4E84FBA1BAAF5D700BD95A6;
					};
				};
			};
			buildConfigurationList = C4E84FB61BAAF5D600BD95A6 /* Build configuration list for PBXProject "DynamicViews" */;
			compatibilityVersion = "Xcode 3.2";
			developmentRegion = English;
			hasScannedForEncodings = 0;
			knownRegions = (
				en,
				Base,
			);
			mainGroup = C4E84FB21BAAF5D600BD95A6;
			productRefGroup = C4E84FBC1BAAF5D700BD95A6 /* Products */;
			projectDirPath = "";
			projectRoot = "";
			targets = (
				C4E84FBA1BAAF5D700BD95A6 /* DynamicViews */,
				C4E84FCE1BAAF5D700BD95A6 /* DynamicViewsTests */,
				C4E84FD91BAAF5D700BD95A6 /* DynamicViewsUITests */,
			);
		};
/* End PBXProject section */

/* Begin PBXResourcesBuildPhase section */
		C4E84FB91BAAF5D700BD95A6 /* Resources */ = {
			isa = PBXResourcesBuildPhase;
			buildActionMask = 2147483647;
			files = (
				C4E84FC91BAAF5D700BD95A6 /* LaunchScreen.storyboard in Resources */,
				C4E84FC61BAAF5D700BD95A6 /* Assets.xcassets in Resources */,
				C4E84FC41BAAF5D700BD95A6 /* Main.storyboard in Resources */,
			);
			runOnlyForDeploymentPostprocessing = 0;
		};
		C4E84FCD1BAAF5D700BD95A6 /* Resources */ = {
			isa = PBXResourcesBuildPhase;
			buildActionMask = 2147483647;
			files = (
			);
			runOnlyForDeploymentPostprocessing = 0;
		};
		C4E84FD81BAAF5D700BD95A6 /* Resources */ = {
			isa = PBXResourcesBuildPhase;
			buildActionMask = 2147483647;
			files = (
			);
			runOnlyForDeploymentPostprocessing = 0;
		};
/* End PBXResourcesBuildPhase section */

/* Begin PBXSourcesBuildPhase section */
		C4E84FB71BAAF5D700BD95A6 /* Sources */ = {
			isa = PBXSourcesBuildPhase;
			buildActionMask = 2147483647;
			files = (
				C4E84FC11BAAF5D700BD95A6 /* ViewController.swift in Sources */,
				C4E84FBF1BAAF5D700BD95A6 /* AppDelegate.swift in Sources */,
			);
			runOnlyForDeploymentPostprocessing = 0;
		};
		C4E84FCB1BAAF5D700BD95A6 /* Sources */ = {
			isa = PBXSourcesBuildPhase;
			buildActionMask = 2147483647;
			files = (
				C4E84FD41BAAF5D700BD95A6 /* DynamicViewsTests.swift in Sources */,
			);
			runOnlyForDeploymentPostprocessing = 0;
		};
		C4E84FD61BAAF5D700BD95A6 /* Sources */ = {
			isa = PBXSourcesBuildPhase;
			buildActionMask = 2147483647;
			files = (
				C4E84FDF1BAAF5D700BD95A6 /* DynamicViewsUITests.swift in Sources */,
			);
			runOnlyForDeploymentPostprocessing = 0;
		};
/* End PBXSourcesBuildPhase section */

/* Begin PBXTargetDependency section */
		C4E84FD11BAAF5D700BD95A6 /* PBXTargetDependency */ = {
			isa = PBXTargetDependency;
			target = C4E84FBA1BAAF5D700BD95A6 /* DynamicViews */;
			targetProxy = C4E84FD01BAAF5D700BD95A6 /* PBXContainerItemProxy */;
		};
		C4E84FDC1BAAF5D700BD95A6 /* PBXTargetDependency */ = {
			isa = PBXTargetDependency;
			target = C4E84FBA1BAAF5D700BD95A6 /* DynamicViews */;
			targetProxy = C4E84FDB1BAAF5D700BD95A6 /* PBXContainerItemProxy */;
		};
/* End PBXTargetDependency section */

/* Begin PBXVariantGroup section */
		C4E84FC21BAAF5D700BD95A6 /* Main.storyboard */ = {
			isa = PBXVariantGroup;
			children = (
				C4E84FC31BAAF5D700BD95A6 /* Base */,
			);
			name = Main.storyboard;
			sourceTree = "<group>";
		};
		C4E84FC71BAAF5D700BD95A6 /* LaunchScreen.storyboard */ = {
			isa = PBXVariantGroup;
			children = (
				C4E84FC81BAAF5D700BD95A6 /* Base */,
			);
			name = LaunchScreen.storyboard;
			sourceTree = "<group>";
		};
/* End PBXVariantGroup section */

/* Begin XCBuildConfiguration section */
		C4E84FE11BAAF5D700BD95A6 /* Debug */ = {
			isa = XCBuildConfiguration;
			buildSettings = {
				ALWAYS_SEARCH_USER_PATHS = NO;
				CLANG_CXX_LANGUAGE_STANDARD = "gnu++0x";
				CLANG_CXX_LIBRARY = "libc++";
				CLANG_ENABLE_MODULES = YES;
				CLANG_ENABLE_OBJC_ARC = YES;
				CLANG_WARN_BOOL_CONVERSION = YES;
				CLANG_WARN_CONSTANT_CONVERSION = YES;
				CLANG_WARN_DIRECT_OBJC_ISA_USAGE = YES_ERROR;
				CLANG_WARN_EMPTY_BODY = YES;
				CLANG_WARN_ENUM_CONVERSION = YES;
				CLANG_WARN_INT_CONVERSION = YES;
				CLANG_WARN_OBJC_ROOT_CLASS = YES_ERROR;
				CLANG_WARN_UNREACHABLE_CODE = YES;
				CLANG_WARN__DUPLICATE_METHOD_MATCH = YES;
				"CODE_SIGN_IDENTITY[sdk=iphoneos*]" = "iPhone Developer";
				COPY_PHASE_STRIP = NO;
				DEBUG_INFORMATION_FORMAT = dwarf;
				ENABLE_STRICT_OBJC_MSGSEND = YES;
				ENABLE_TESTABILITY = YES;
				GCC_C_LANGUAGE_STANDARD = gnu99;
				GCC_DYNAMIC_NO_PIC = NO;
				GCC_NO_COMMON_BLOCKS = YES;
				GCC_OPTIMIZATION_LEVEL = 0;
				GCC_PREPROCESSOR_DEFINITIONS = (
					"DEBUG=1",
					"$(inherited)",
				);
				GCC_WARN_64_TO_32_BIT_CONVERSION = YES;
				GCC_WARN_ABOUT_RETURN_TYPE = YES_ERROR;
				GCC_WARN_UNDECLARED_SELECTOR = YES;
				GCC_WARN_UNINITIALIZED_AUTOS = YES_AGGRESSIVE;
				GCC_WARN_UNUSED_FUNCTION = YES;
				GCC_WARN_UNUSED_VARIABLE = YES;
				IPHONEOS_DEPLOYMENT_TARGET = 9.0;
				MTL_ENABLE_DEBUG_INFO = YES;
				ONLY_ACTIVE_ARCH = YES;
				SDKROOT = iphoneos;
				SWIFT_OPTIMIZATION_LEVEL = "-Onone";
				TARGETED_DEVICE_FAMILY = "1,2";
			};
			name = Debug;
		};
		C4E84FE21BAAF5D700BD95A6 /* Release */ = {
			isa = XCBuildConfiguration;
			buildSettings = {
				ALWAYS_SEARCH_USER_PATHS = NO;
				CLANG_CXX_LANGUAGE_STANDARD = "gnu++0x";
				CLANG_CXX_LIBRARY = "libc++";
				CLANG_ENABLE_MODULES = YES;
				CLANG_ENABLE_OBJC_ARC = YES;
				CLANG_WARN_BOOL_CONVERSION = YES;
				CLANG_WARN_CONSTANT_CONVERSION = YES;
				CLANG_WARN_DIRECT_OBJC_ISA_USAGE = YES_ERROR;
				CLANG_WARN_EMPTY_BODY = YES;
				CLANG_WARN_ENUM_CONVERSION = YES;
				CLANG_WARN_INT_CONVERSION = YES;
				CLANG_WARN_OBJC_ROOT_CLASS = YES_ERROR;
				CLANG_WARN_UNREACHABLE_CODE = YES;
				CLANG_WARN__DUPLICATE_METHOD_MATCH = YES;
				"CODE_SIGN_IDENTITY[sdk=iphoneos*]" = "iPhone Developer";
				COPY_PHASE_STRIP = NO;
				DEBUG_INFORMATION_FORMAT = "dwarf-with-dsym";
				ENABLE_NS_ASSERTIONS = NO;
				ENABLE_STRICT_OBJC_MSGSEND = YES;
				GCC_C_LANGUAGE_STANDARD = gnu99;
				GCC_NO_COMMON_BLOCKS = YES;
				GCC_WARN_64_TO_32_BIT_CONVERSION = YES;
				GCC_WARN_ABOUT_RETURN_TYPE = YES_ERROR;
				GCC_WARN_UNDECLARED_SELECTOR = YES;
				GCC_WARN_UNINITIALIZED_AUTOS = YES_AGGRESSIVE;
				GCC_WARN_UNUSED_FUNCTION = YES;
				GCC_WARN_UNUSED_VARIABLE = YES;
				IPHONEOS_DEPLOYMENT_TARGET = 9.0;
				MTL_ENABLE_DEBUG_INFO = NO;
				SDKROOT = iphoneos;
				TARGETED_DEVICE_FAMILY = "1,2";
				VALIDATE_PRODUCT = YES;
			};
			name = Release;
		};
		C4E84FE41BAAF5D700BD95A6 /* Debug */ = {
			isa = XCBuildConfiguration;
			buildSettings = {
				ASSETCATALOG_COMPILER_APPICON_NAME = AppIcon;
				INFOPLIST_FILE = DynamicViews/Info.plist;
				LD_RUNPATH_SEARCH_PATHS = "$(inherited) @executable_path/Frameworks";
				PRODUCT_BUNDLE_IDENTIFIER = com.medigarage.DynamicViews;
				PRODUCT_NAME = "$(TARGET_NAME)";
				SWIFT_VERSION = 3.0;
			};
			name = Debug;
		};
		C4E84FE51BAAF5D700BD95A6 /* Release */ = {
			isa = XCBuildConfiguration;
			buildSettings = {
				ASSETCATALOG_COMPILER_APPICON_NAME = AppIcon;
				INFOPLIST_FILE = DynamicViews/Info.plist;
				LD_RUNPATH_SEARCH_PATHS = "$(inherited) @executable_path/Frameworks";
				PRODUCT_BUNDLE_IDENTIFIER = com.medigarage.DynamicViews;
				PRODUCT_NAME = "$(TARGET_NAME)";
				SWIFT_VERSION = 3.0;
			};
			name = Release;
		};
		C4E84FE71BAAF5D700BD95A6 /* Debug */ = {
			isa = XCBuildConfiguration;
			buildSettings = {
				BUNDLE_LOADER = "$(TEST_HOST)";
				INFOPLIST_FILE = DynamicViewsTests/Info.plist;
				LD_RUNPATH_SEARCH_PATHS = "$(inherited) @executable_path/Frameworks @loader_path/Frameworks";
				PRODUCT_BUNDLE_IDENTIFIER = com.medigarage.DynamicViewsTests;
				PRODUCT_NAME = "$(TARGET_NAME)";
				SWIFT_VERSION = 3.0;
				TEST_HOST = "$(BUILT_PRODUCTS_DIR)/DynamicViews.app/DynamicViews";
			};
			name = Debug;
		};
		C4E84FE81BAAF5D700BD95A6 /* Release */ = {
			isa = XCBuildConfiguration;
			buildSettings = {
				BUNDLE_LOADER = "$(TEST_HOST)";
				INFOPLIST_FILE = DynamicViewsTests/Info.plist;
				LD_RUNPATH_SEARCH_PATHS = "$(inherited) @executable_path/Frameworks @loader_path/Frameworks";
				PRODUCT_BUNDLE_IDENTIFIER = com.medigarage.DynamicViewsTests;
				PRODUCT_NAME = "$(TARGET_NAME)";
				SWIFT_VERSION = 3.0;
				TEST_HOST = "$(BUILT_PRODUCTS_DIR)/DynamicViews.app/DynamicViews";
			};
			name = Release;
		};
		C4E84FEA1BAAF5D700BD95A6 /* Debug */ = {
			isa = XCBuildConfiguration;
			buildSettings = {
				INFOPLIST_FILE = DynamicViewsUITests/Info.plist;
				LD_RUNPATH_SEARCH_PATHS = "$(inherited) @executable_path/Frameworks @loader_path/Frameworks";
				PRODUCT_BUNDLE_IDENTIFIER = com.medigarage.DynamicViewsUITests;
				PRODUCT_NAME = "$(TARGET_NAME)";
				SWIFT_VERSION = 3.0;
				TEST_TARGET_NAME = DynamicViews;
				USES_XCTRUNNER = YES;
			};
			name = Debug;
		};
		C4E84FEB1BAAF5D700BD95A6 /* Release */ = {
			isa = XCBuildConfiguration;
			buildSettings = {
				INFOPLIST_FILE = DynamicViewsUITests/Info.plist;
				LD_RUNPATH_SEARCH_PATHS = "$(inherited) @executable_path/Frameworks @loader_path/Frameworks";
				PRODUCT_BUNDLE_IDENTIFIER = com.medigarage.DynamicViewsUITests;
				PRODUCT_NAME = "$(TARGET_NAME)";
				SWIFT_VERSION = 3.0;
				TEST_TARGET_NAME = DynamicViews;
				USES_XCTRUNNER = YES;
			};
			name = Release;
		};
/* End XCBuildConfiguration section */

/* Begin XCConfigurationList section */
		C4E84FB61BAAF5D600BD95A6 /* Build configuration list for PBXProject "DynamicViews" */ = {
			isa = XCConfigurationList;
			buildConfigurations = (
				C4E84FE11BAAF5D700BD95A6 /* Debug */,
				C4E84FE21BAAF5D700BD95A6 /* Release */,
			);
			defaultConfigurationIsVisible = 0;
			defaultConfigurationName = Release;
		};
		C4E84FE31BAAF5D700BD95A6 /* Build configuration list for PBXNativeTarget "DynamicViews" */ = {
			isa = XCConfigurationList;
			buildConfigurations = (
				C4E84FE41BAAF5D700BD95A6 /* Debug */,
				C4E84FE51BAAF5D700BD95A6 /* Release */,
			);
			defaultConfigurationIsVisible = 0;
			defaultConfigurationName = Release;
		};
		C4E84FE61BAAF5D700BD95A6 /* Build configuration list for PBXNativeTarget "DynamicViewsTests" */ = {
			isa = XCConfigurationList;
			buildConfigurations = (
				C4E84FE71BAAF5D700BD95A6 /* Debug */,
				C4E84FE81BAAF5D700BD95A6 /* Release */,
			);
			defaultConfigurationIsVisible = 0;
			defaultConfigurationName = Release;
		};
		C4E84FE91BAAF5D700BD95A6 /* Build configuration list for PBXNativeTarget "DynamicViewsUITests" */ = {
			isa = XCConfigurationList;
			buildConfigurations = (
				C4E84FEA1BAAF5D700BD95A6 /* Debug */,
				C4E84FEB1BAAF5D700BD95A6 /* Release */,
			);
			defaultConfigurationIsVisible = 0;
			defaultConfigurationName = Release;
		};
/* End XCConfigurationList section */
	};
	rootObject = C4E84FB31BAAF5D600BD95A6 /* Project object */;
}
